
Microsoft Visual Studio Solution File, Format Version 12.00
# Visual Studio 2013
VisualStudioVersion = 12.0.31101.0
MinimumVisualStudioVersion = 10.0.40219.1
Project("{FAE04EC0-301F-11D3-BF4B-00C04F79EFBC}") = "Core", "Core\Core.csproj", "{28AB5B8F-1CED-4CA7-A069-6B3B4D48ABD6}"
EndProject
Project("{FAE04EC0-301F-11D3-BF4B-00C04F79EFBC}") = "ConsoleRunner", "ConsoleRunner\ConsoleRunner.csproj", "{FE0B82C5-3FC2-4A09-A60F-A83624A887B2}"
EndProject
Project("{FAE04EC0-301F-11D3-BF4B-00C04F79EFBC}") = "Tests", "Tests\Tests.csproj", "{F4C1D913-122B-4D0A-98EB-96B36820D6DD}"
EndProject
Project("{FAE04EC0-301F-11D3-BF4B-00C04F79EFBC}") = "SystemExtensions", "SystemExtensions\SystemExtensions.csproj", "{08E9EFF6-7132-464E-82D5-EA07B3B8AD0E}"
EndProject
Global
	GlobalSection(TeamFoundationVersionControl) = preSolution
		SccNumberOfProjects = 5
		SccEnterpriseProvider = {4CA58AB2-18FA-4F8D-95D4-32DDF27D184C}
		SccTeamFoundationServer = https://tfs.codeplex.com/tfs/tfs40
		SccLocalPath0 = .
		SccProjectUniqueName1 = Core\\Core.csproj
		SccProjectName1 = Core
		SccLocalPath1 = Core
		SccProjectUniqueName2 = ConsoleRunner\\ConsoleRunner.csproj
		SccProjectName2 = ConsoleRunner
		SccLocalPath2 = ConsoleRunner
		SccProjectUniqueName3 = Tests\\Tests.csproj
		SccProjectName3 = Tests
		SccLocalPath3 = Tests
		SccProjectUniqueName4 = SystemExtensions\\SystemExtensions.csproj
		SccProjectName4 = SystemExtensions
		SccLocalPath4 = SystemExtensions
	EndGlobalSection
	GlobalSection(SolutionConfigurationPlatforms) = preSolution
		Debug|Any CPU = Debug|Any CPU
		Release|Any CPU = Release|Any CPU
	EndGlobalSection
	GlobalSection(ProjectConfigurationPlatforms) = postSolution
		{28AB5B8F-1CED-4CA7-A069-6B3B4D48ABD6}.Debug|Any CPU.ActiveCfg = Debug|Any CPU
		{28AB5B8F-1CED-4CA7-A069-6B3B4D48ABD6}.Debug|Any CPU.Build.0 = Debug|Any CPU
		{28AB5B8F-1CED-4CA7-A069-6B3B4D48ABD6}.Release|Any CPU.ActiveCfg = Release|Any CPU
		{28AB5B8F-1CED-4CA7-A069-6B3B4D48ABD6}.Release|Any CPU.Build.0 = Release|Any CPU
		{FE0B82C5-3FC2-4A09-A60F-A83624A887B2}.Debug|Any CPU.ActiveCfg = Debug|Any CPU
		{FE0B82C5-3FC2-4A09-A60F-A83624A887B2}.Debug|Any CPU.Build.0 = Debug|Any CPU
		{FE0B82C5-3FC2-4A09-A60F-A83624A887B2}.Release|Any CPU.ActiveCfg = Release|Any CPU
		{FE0B82C5-3FC2-4A09-A60F-A83624A887B2}.Release|Any CPU.Build.0 = Release|Any CPU
		{F4C1D913-122B-4D0A-98EB-96B36820D6DD}.Debug|Any CPU.ActiveCfg = Debug|Any CPU
		{F4C1D913-122B-4D0A-98EB-96B36820D6DD}.Debug|Any CPU.Build.0 = Debug|Any CPU
		{F4C1D913-122B-4D0A-98EB-96B36820D6DD}.Release|Any CPU.ActiveCfg = Release|Any CPU
		{F4C1D913-122B-4D0A-98EB-96B36820D6DD}.Release|Any CPU.Build.0 = Release|Any CPU
		{08E9EFF6-7132-464E-82D5-EA07B3B8AD0E}.Debug|Any CPU.ActiveCfg = Debug|Any CPU
		{08E9EFF6-7132-464E-82D5-EA07B3B8AD0E}.Debug|Any CPU.Build.0 = Debug|Any CPU
		{08E9EFF6-7132-464E-82D5-EA07B3B8AD0E}.Release|Any CPU.ActiveCfg = Release|Any CPU
		{08E9EFF6-7132-464E-82D5-EA07B3B8AD0E}.Release|Any CPU.Build.0 = Release|Any CPU
	EndGlobalSection
	GlobalSection(SolutionProperties) = preSolution
		HideSolutionNode = FALSE
	EndGlobalSection
EndGlobal
